%{"cowboy": {:package, "1.0.0"},
  "cowlib": {:package, "1.0.0"},
  "hackney": {:package, "0.13.1"},
  "httpoison": {:package, "0.4.2"},
  "httpotion": {:package, "0.2.4"},
  "ibrowse": {:git, "git://github.com/cmullaparthi/ibrowse.git", "7871e2ebe8811efb64e1917e2de455fa87e8dfe3", [tag: "v4.1.0"]},
  "idna": {:package, "1.0.1"},
  "jsex": {:package, "2.0.0"},
  "jsx": {:package, "2.0.4"},
  "meck": {:git, "git://github.com/eproxus/meck.git", "dde759050eff19a1a80fd854d7375174b191665d", [tag: "0.8.2"]},
  "mock": {:git, "git://github.com/jjh42/mock.git", "275109db347caf3449b6d123bd4da720fb08b28e", [ref: "275109db347caf3449b6d123bd4da720fb08b28e"]},
  "ranch": {:package, "1.0.0"},
  "thrift": {:git, "git://github.com/envato/thrift-erlang.git", "b5d82063e183a51afe126edc06fe588c73b10d5a", [tag: "0.9.1.envato"]},
  "timex": {:package, "0.12.7"},
  "uuid": {:package, "0.1.5"}}
